{
  "name": "all-git",
  "version": "1.0.0",
  "lockfileVersion": 2,
  "requires": true,
  "packages": {
    "": {
      "name": "all-git",
      "version": "1.0.0",
      "license": "ISC",
      "workspaces": [
        "packages/*"
      ],
      "dependencies": {
        "@dwbinns/terminal": "^1.0.0",
        "auto-creating-map": "^1.0.0"
      },
      "bin": {
        "all-git": "git-all.js"
      }
    },
    "node_modules/@dwbinns/terminal": {
      "version": "1.0.0",
      "resolved": "https://registry.npmjs.org/@dwbinns/terminal/-/terminal-1.0.0.tgz",
      "integrity": "sha512-Alu9ZJ6Nin7vCGiYKjoFPV7JcbMDVo+TLzbVx8uFZ4gpo2o60107rsXQzZNk3Iee7JpjUPLNO9Cwd87LcS7tig=="
    },
    "node_modules/auto-creating-map": {
      "version": "1.0.0",
      "resolved": "https://registry.npmjs.org/auto-creating-map/-/auto-creating-map-1.0.0.tgz",
      "integrity": "sha512-boOkpEvXOLKJVH1IiBACUfBSr4X2uP0zaSDXjCLfDKgLVPiEpbFyIBPnmtsTQDzB5bOcfZXrs9p24cQyfeP6Tw=="
    }
  },
  "dependencies": {
    "@dwbinns/terminal": {
      "version": "1.0.0",
      "resolved": "https://registry.npmjs.org/@dwbinns/terminal/-/terminal-1.0.0.tgz",
      "integrity": "sha512-Alu9ZJ6Nin7vCGiYKjoFPV7JcbMDVo+TLzbVx8uFZ4gpo2o60107rsXQzZNk3Iee7JpjUPLNO9Cwd87LcS7tig=="
    },
    "auto-creating-map": {
      "version": "1.0.0",
      "resolved": "https://registry.npmjs.org/auto-creating-map/-/auto-creating-map-1.0.0.tgz",
      "integrity": "sha512-boOkpEvXOLKJVH1IiBACUfBSr4X2uP0zaSDXjCLfDKgLVPiEpbFyIBPnmtsTQDzB5bOcfZXrs9p24cQyfeP6Tw=="
    }
  }
}
